# THIS IS AN AUTOGENERATED FILE. DO NOT EDIT THIS FILE DIRECTLY.
# yarn lockfile v1


altai_off@^1.0:
  version "1.1.2"
  resolved "https://registry.yarnpkg.com/altai_off/-/altai_off-1.1.2.tgz#23fa1261876a60d7b807746b6d148c623d01e3fb"
  integrity sha1-I/oSYYdqYNe4B3RrbRSMYj0B4/s=
  dependencies:
    jquery "^3.0.0"

altai_toggle@^1.0:
  version "1.0.11"
  resolved "https://registry.yarnpkg.com/altai_toggle/-/altai_toggle-1.0.11.tgz#3b4c7c4b68b859faf91265e9e5a0980556677e9d"
  integrity sha512-H7f0VHcxx0Stu+E/1yYTEJTdm94ntw+VSSbqyrBaoTVHPqfnEeft9/u1D1Nfv7n7Me3eLFOOQ5owH/bw9Cc2Ug==
  dependencies:
    jquery "^3.0.0"

featherlight@^1.7:
  version "1.7.13"
  resolved "https://registry.yarnpkg.com/featherlight/-/featherlight-1.7.13.tgz#500f53204ba7b5bb4650370dd94ae5965c556e94"
  integrity sha1-UA9TIEuntbtGUDcN2UrlllxVbpQ=

jquery@^3.0.0, jquery@^3.3:
  version "3.3.1"
  resolved "https://registry.yarnpkg.com/jquery/-/jquery-3.3.1.tgz#958ce29e81c9790f31be7792df5d4d95fc57fbca"
  integrity sha512-Ubldcmxp5np52/ENotGxlLe6aGMvmF4R8S6tZjsP6Knsaxd/xp3Zrh50cG93lR6nPXyUFwzN3ZSOQI0wRJNdGg==

js-cookie@^2.2:
  version "2.2.0"
  resolved "https://registry.yarnpkg.com/js-cookie/-/js-cookie-2.2.0.tgz#1b2c279a6eece380a12168b92485265b35b1effb"
  integrity sha1-Gywnmm7s44ChIWi5JIUmWzWx7/s=
